
Microsoft Visual Studio Solution File, Format Version 12.00
# Visual Studio Version 17
VisualStudioVersion = 17.7.34031.279
MinimumVisualStudioVersion = 10.0.40219.1
Project("{9A19103F-16F7-4668-BE54-9A1E7A4F7556}") = "RetroFootballAPI", "RetroFootballAPI\RetroFootballAPI.csproj", "{6D669A1E-9AF0-4C34-993C-D8B1ABFA56AE}"
EndProject
Project("{FAE04EC0-301F-11D3-BF4B-00C04F79EFBC}") = "TestWeb", "TestWeb\TestWeb.csproj", "{0A9A9A0E-FC77-4381-8BE4-0293102E221E}"
EndProject
Global
	GlobalSection(SolutionConfigurationPlatforms) = preSolution
		Debug|Any CPU = Debug|Any CPU
		Release|Any CPU = Release|Any CPU
	EndGlobalSection
	GlobalSection(ProjectConfigurationPlatforms) = postSolution
		{6D669A1E-9AF0-4C34-993C-D8B1ABFA56AE}.Debug|Any CPU.ActiveCfg = Debug|Any CPU
		{6D669A1E-9AF0-4C34-993C-D8B1ABFA56AE}.Debug|Any CPU.Build.0 = Debug|Any CPU
		{6D669A1E-9AF0-4C34-993C-D8B1ABFA56AE}.Release|Any CPU.ActiveCfg = Release|Any CPU
		{6D669A1E-9AF0-4C34-993C-D8B1ABFA56AE}.Release|Any CPU.Build.0 = Release|Any CPU
		{0A9A9A0E-FC77-4381-8BE4-0293102E221E}.Debug|Any CPU.ActiveCfg = Debug|Any CPU
		{0A9A9A0E-FC77-4381-8BE4-0293102E221E}.Debug|Any CPU.Build.0 = Debug|Any CPU
		{0A9A9A0E-FC77-4381-8BE4-0293102E221E}.Release|Any CPU.ActiveCfg = Release|Any CPU
		{0A9A9A0E-FC77-4381-8BE4-0293102E221E}.Release|Any CPU.Build.0 = Release|Any CPU
	EndGlobalSection
	GlobalSection(SolutionProperties) = preSolution
		HideSolutionNode = FALSE
	EndGlobalSection
	GlobalSection(ExtensibilityGlobals) = postSolution
		SolutionGuid = {5C2059FE-9AEB-438C-A04E-65E048918CB3}
	EndGlobalSection
EndGlobal
